
Microsoft Visual Studio Solution File, Format Version 12.00
# Visual Studio Version 17
VisualStudioVersion = 17.14.36203.30
MinimumVisualStudioVersion = 10.0.40219.1
Project("{FAE04EC0-301F-11D3-BF4B-00C04F79EFBC}") = "ScriptArcade", "WpfApp3\ScriptArcade.csproj", "{05B8949C-0158-4B85-9AA2-E03968677C03}"
EndProject
Global
	GlobalSection(SolutionConfigurationPlatforms) = preSolution
		Debug|Any CPU = Debug|Any CPU
		Release|Any CPU = Release|Any CPU
	EndGlobalSection
	GlobalSection(ProjectConfigurationPlatforms) = postSolution
		{05B8949C-0158-4B85-9AA2-E03968677C03}.Debug|Any CPU.ActiveCfg = Debug|Any CPU
		{05B8949C-0158-4B85-9AA2-E03968677C03}.Debug|Any CPU.Build.0 = Debug|Any CPU
		{05B8949C-0158-4B85-9AA2-E03968677C03}.Release|Any CPU.ActiveCfg = Release|Any CPU
		{05B8949C-0158-4B85-9AA2-E03968677C03}.Release|Any CPU.Build.0 = Release|Any CPU
	EndGlobalSection
	GlobalSection(SolutionProperties) = preSolution
		HideSolutionNode = FALSE
	EndGlobalSection
	GlobalSection(ExtensibilityGlobals) = postSolution
		SolutionGuid = {C4A0D9C7-29BD-43B9-A742-530A31F3071E}
	EndGlobalSection
EndGlobal
